
Microsoft Visual Studio Solution File, Format Version 12.00
# Visual Studio Version 17
VisualStudioVersion = 17.9.34728.123
MinimumVisualStudioVersion = 10.0.40219.1
Project("{FAE04EC0-301F-11D3-BF4B-00C04F79EFBC}") = "SampleApiReact", "SampleApiReact.csproj", "{0E14DABC-E1F6-45C5-948B-F5C76BAEE6B0}"
EndProject
Global
	GlobalSection(SolutionConfigurationPlatforms) = preSolution
		Debug|Any CPU = Debug|Any CPU
		Release|Any CPU = Release|Any CPU
	EndGlobalSection
	GlobalSection(ProjectConfigurationPlatforms) = postSolution
		{0E14DABC-E1F6-45C5-948B-F5C76BAEE6B0}.Debug|Any CPU.ActiveCfg = Debug|Any CPU
		{0E14DABC-E1F6-45C5-948B-F5C76BAEE6B0}.Debug|Any CPU.Build.0 = Debug|Any CPU
		{0E14DABC-E1F6-45C5-948B-F5C76BAEE6B0}.Release|Any CPU.ActiveCfg = Release|Any CPU
		{0E14DABC-E1F6-45C5-948B-F5C76BAEE6B0}.Release|Any CPU.Build.0 = Release|Any CPU
	EndGlobalSection
	GlobalSection(SolutionProperties) = preSolution
		HideSolutionNode = FALSE
	EndGlobalSection
	GlobalSection(ExtensibilityGlobals) = postSolution
		SolutionGuid = {6CD570C2-1F92-44DC-AA21-4BDD9B857DF1}
	EndGlobalSection
EndGlobal
